version = 1
revision = 3
requires-python = ">=3.12"

[[package]]
name = "amazinghand"
version = "0.1.0"
source = { virtual = "." }
dependencies = [
    { name = "numpy" },
    { name = "rustypot" },
]

[package.metadata]
requires-dist = [
    { name = "numpy", specifier = ">=2.4.2" },
    { name = "rustypot", specifier = ">=1.4.2" },
]

[[package]]
name = "numpy"
version = "2.4.2"
source = { registry = "https://pypi.org/simple" }
sdist = { url = "https://files.pythonhosted.org/packages/57/fd/0005efbd0af48e55eb3c7208af93f2862d4b1a56cd78e84309a2d959208d/numpy-2.4.2.tar.gz", hash = "sha256:659a6107e31a83c4e33f763942275fd278b21d095094044eb35569e86a21ddae", size = 20723651, upload-time = "2026-01-31T23:13:10.135Z" }
wheels = [
    { url = "https://files.pythonhosted.org/packages/51/6e/6f394c9c77668153e14d4da83bcc247beb5952f6ead7699a1a2992613bea/numpy-2.4.2-cp312-cp312-macosx_10_13_x86_64.whl", hash = "sha256:21982668592194c609de53ba4933a7471880ccbaadcc52352694a59ecc860b3a", size = 16667963, upload-time = "2026-01-31T23:10:52.147Z" },
    { url = "https://files.pythonhosted.org/packages/1f/f8/55483431f2b2fd015ae6ed4fe62288823ce908437ed49db5a03d15151678/numpy-2.4.2-cp312-cp312-macosx_11_0_arm64.whl", hash = "sha256:40397bda92382fcec844066efb11f13e1c9a3e2a8e8f318fb72ed8b6db9f60f1", size = 14693571, upload-time = "2026-01-31T23:10:54.789Z" },
    { url = "https://files.pythonhosted.org/packages/2f/20/18026832b1845cdc82248208dd929ca14c9d8f2bac391f67440707fff27c/numpy-2.4.2-cp312-cp312-macosx_14_0_arm64.whl", hash = "sha256:b3a24467af63c67829bfaa61eecf18d5432d4f11992688537be59ecd6ad32f5e", size = 5203469, upload-time = "2026-01-31T23:10:57.343Z" },
    { url = "https://files.pythonhosted.org/packages/7d/33/2eb97c8a77daaba34eaa3fa7241a14ac5f51c46a6bd5911361b644c4a1e2/numpy-2.4.2-cp312-cp312-macosx_14_0_x86_64.whl", hash = "sha256:805cc8de9fd6e7a22da5aed858e0ab16be5a4db6c873dde1d7451c541553aa27", size = 6550820, upload-time = "2026-01-31T23:10:59.429Z" },
    { url = "https://files.pythonhosted.org/packages/b1/91/b97fdfd12dc75b02c44e26c6638241cc004d4079a0321a69c62f51470c4c/numpy-2.4.2-cp312-cp312-manylinux_2_27_aarch64.manylinux_2_28_aarch64.whl", hash = "sha256:6d82351358ffbcdcd7b686b90742a9b86632d6c1c051016484fa0b326a0a1548", size = 15663067, upload-time = "2026-01-31T23:11:01.291Z" },
    { url = "https://files.pythonhosted.org/packages/f5/c6/a18e59f3f0b8071cc85cbc8d80cd02d68aa9710170b2553a117203d46936/numpy-2.4.2-cp312-cp312-manylinux_2_27_x86_64.manylinux_2_28_x86_64.whl", hash = "sha256:9e35d3e0144137d9fdae62912e869136164534d64a169f86438bc9561b6ad49f", size = 16619782, upload-time = "2026-01-31T23:11:03.669Z" },
    { url = "https://files.pythonhosted.org/packages/b7/83/9751502164601a79e18847309f5ceec0b1446d7b6aa12305759b72cf98b2/numpy-2.4.2-cp312-cp312-musllinux_1_2_aarch64.whl", hash = "sha256:adb6ed2ad29b9e15321d167d152ee909ec73395901b70936f029c3bc6d7f4460", size = 17013128, upload-time = "2026-01-31T23:11:05.913Z" },
    { url = "https://files.pythonhosted.org/packages/61/c4/c4066322256ec740acc1c8923a10047818691d2f8aec254798f3dd90f5f2/numpy-2.4.2-cp312-cp312-musllinux_1_2_x86_64.whl", hash = "sha256:8906e71fd8afcb76580404e2a950caef2685df3d2a57fe82a86ac8d33cc007ba", size = 18345324, upload-time = "2026-01-31T23:11:08.248Z" },
    { url = "https://files.pythonhosted.org/packages/ab/af/6157aa6da728fa4525a755bfad486ae7e3f76d4c1864138003eb84328497/numpy-2.4.2-cp312-cp312-win32.whl", hash = "sha256:ec055f6dae239a6299cace477b479cca2fc125c5675482daf1dd886933a1076f", size = 5960282, upload-time = "2026-01-31T23:11:10.497Z" },
    { url = "https://files.pythonhosted.org/packages/92/0f/7ceaaeaacb40567071e94dbf2c9480c0ae453d5bb4f52bea3892c39dc83c/numpy-2.4.2-cp312-cp312-win_amd64.whl", hash = "sha256:209fae046e62d0ce6435fcfe3b1a10537e858249b3d9b05829e2a05218296a85", size = 12314210, upload-time = "2026-01-31T23:11:12.176Z" },
    { url = "https://files.pythonhosted.org/packages/2f/a3/56c5c604fae6dd40fa2ed3040d005fca97e91bd320d232ac9931d77ba13c/numpy-2.4.2-cp312-cp312-win_arm64.whl", hash = "sha256:fbde1b0c6e81d56f5dccd95dd4a711d9b95df1ae4009a60887e56b27e8d903fa", size = 10220171, upload-time = "2026-01-31T23:11:14.684Z" },
    { url = "https://files.pythonhosted.org/packages/a1/22/815b9fe25d1d7ae7d492152adbc7226d3eff731dffc38fe970589fcaaa38/numpy-2.4.2-cp313-cp313-macosx_10_13_x86_64.whl", hash = "sha256:25f2059807faea4b077a2b6837391b5d830864b3543627f381821c646f31a63c", size = 16663696, upload-time = "2026-01-31T23:11:17.516Z" },
    { url = "https://files.pythonhosted.org/packages/09/f0/817d03a03f93ba9c6c8993de509277d84e69f9453601915e4a69554102a1/numpy-2.4.2-cp313-cp313-macosx_11_0_arm64.whl", hash = "sha256:bd3a7a9f5847d2fb8c2c6d1c862fa109c31a9abeca1a3c2bd5a64572955b2979", size = 14688322, upload-time = "2026-01-31T23:11:19.883Z" },
    { url = "https://files.pythonhosted.org/packages/da/b4/f805ab79293c728b9a99438775ce51885fd4f31b76178767cfc718701a39/numpy-2.4.2-cp313-cp313-macosx_14_0_arm64.whl", hash = "sha256:8e4549f8a3c6d13d55041925e912bfd834285ef1dd64d6bc7d542583355e2e98", size = 5198157, upload-time = "2026-01-31T23:11:22.375Z" },
    { url = "https://files.pythonhosted.org/packages/74/09/826e4289844eccdcd64aac27d13b0fd3f32039915dd5b9ba01baae1f436c/numpy-2.4.2-cp313-cp313-macosx_14_0_x86_64.whl", hash = "sha256:aea4f66ff44dfddf8c2cffd66ba6538c5ec67d389285292fe428cb2c738c8aef", size = 6546330, upload-time = "2026-01-31T23:11:23.958Z" },
    { url = "https://files.pythonhosted.org/packages/19/fb/cbfdbfa3057a10aea5422c558ac57538e6acc87ec1669e666d32ac198da7/numpy-2.4.2-cp313-cp313-manylinux_2_27_aarch64.manylinux_2_28_aarch64.whl", hash = "sha256:c3cd545784805de05aafe1dde61752ea49a359ccba9760c1e5d1c88a93bbf2b7", size = 15660968, upload-time = "2026-01-31T23:11:25.713Z" },
    { url = "https://files.pythonhosted.org/packages/04/dc/46066ce18d01645541f0186877377b9371b8fa8017fa8262002b4ef22612/numpy-2.4.2-cp313-cp313-manylinux_2_27_x86_64.manylinux_2_28_x86_64.whl", hash = "sha256:d0d9b7c93578baafcbc5f0b83eaf17b79d345c6f36917ba0c67f45226911d499", size = 16607311, upload-time = "2026-01-31T23:11:28.117Z" },
    { url = "https://files.pythonhosted.org/packages/14/d9/4b5adfc39a43fa6bf918c6d544bc60c05236cc2f6339847fc5b35e6cb5b0/numpy-2.4.2-cp313-cp313-musllinux_1_2_aarch64.whl", hash = "sha256:f74f0f7779cc7ae07d1810aab8ac6b1464c3eafb9e283a40da7309d5e6e48fbb", size = 17012850, upload-time = "2026-01-31T23:11:30.888Z" },
    { url = "https://files.pythonhosted.org/packages/b7/20/adb6e6adde6d0130046e6fdfb7675cc62bc2f6b7b02239a09eb58435753d/numpy-2.4.2-cp313-cp313-musllinux_1_2_x86_64.whl", hash = "sha256:c7ac672d699bf36275c035e16b65539931347d68b70667d28984c9fb34e07fa7", size = 18334210, upload-time = "2026-01-31T23:11:33.214Z" },
    { url = "https://files.pythonhosted.org/packages/78/0e/0a73b3dff26803a8c02baa76398015ea2a5434d9b8265a7898a6028c1591/numpy-2.4.2-cp313-cp313-win32.whl", hash = "sha256:8e9afaeb0beff068b4d9cd20d322ba0ee1cecfb0b08db145e4ab4dd44a6b5110", size = 5958199, upload-time = "2026-01-31T23:11:35.385Z" },
    { url = "https://files.pythonhosted.org/packages/43/bc/6352f343522fcb2c04dbaf94cb30cca6fd32c1a750c06ad6231b4293708c/numpy-2.4.2-cp313-cp313-win_amd64.whl", hash = "sha256:7df2de1e4fba69a51c06c28f5a3de36731eb9639feb8e1cf7e4a7b0daf4cf622", size = 12310848, upload-time = "2026-01-31T23:11:38.001Z" },
    { url = "https://files.pythonhosted.org/packages/6e/8d/6da186483e308da5da1cc6918ce913dcfe14ffde98e710bfeff2a6158d4e/numpy-2.4.2-cp313-cp313-win_arm64.whl", hash = "sha256:0fece1d1f0a89c16b03442eae5c56dc0be0c7883b5d388e0c03f53019a4bfd71", size = 10221082, upload-time = "2026-01-31T23:11:40.392Z" },
    { url = "https://files.pythonhosted.org/packages/25/a1/9510aa43555b44781968935c7548a8926274f815de42ad3997e9e83680dd/numpy-2.4.2-cp313-cp313t-macosx_11_0_arm64.whl", hash = "sha256:5633c0da313330fd20c484c78cdd3f9b175b55e1a766c4a174230c6b70ad8262", size = 14815866, upload-time = "2026-01-31T23:11:42.495Z" },
    { url = "https://files.pythonhosted.org/packages/36/30/6bbb5e76631a5ae46e7923dd16ca9d3f1c93cfa8d4ed79a129814a9d8db3/numpy-2.4.2-cp313-cp313t-macosx_14_0_arm64.whl", hash = "sha256:d9f64d786b3b1dd742c946c42d15b07497ed14af1a1f3ce840cce27daa0ce913", size = 5325631, upload-time = "2026-01-31T23:11:44.7Z" },
    { url = "https://files.pythonhosted.org/packages/46/00/3a490938800c1923b567b3a15cd17896e68052e2145d8662aaf3e1ffc58f/numpy-2.4.2-cp313-cp313t-macosx_14_0_x86_64.whl", hash = "sha256:b21041e8cb6a1eb5312dd1d2f80a94d91efffb7a06b70597d44f1bd2dfc315ab", size = 6646254, upload-time = "2026-01-31T23:11:46.341Z" },
    { url = "https://files.pythonhosted.org/packages/d3/e9/fac0890149898a9b609caa5af7455a948b544746e4b8fe7c212c8edd71f8/numpy-2.4.2-cp313-cp313t-manylinux_2_27_aarch64.manylinux_2_28_aarch64.whl", hash = "sha256:00ab83c56211a1d7c07c25e3217ea6695e50a3e2f255053686b081dc0b091a82", size = 15720138, upload-time = "2026-01-31T23:11:48.082Z" },
    { url = "https://files.pythonhosted.org/packages/ea/5c/08887c54e68e1e28df53709f1893ce92932cc6f01f7c3d4dc952f61ffd4e/numpy-2.4.2-cp313-cp313t-manylinux_2_27_x86_64.manylinux_2_28_x86_64.whl", hash = "sha256:2fb882da679409066b4603579619341c6d6898fc83a8995199d5249f986e8e8f", size = 16655398, upload-time = "2026-01-31T23:11:50.293Z" },
    { url = "https://files.pythonhosted.org/packages/4d/89/253db0fa0e66e9129c745e4ef25631dc37d5f1314dad2b53e907b8538e6d/numpy-2.4.2-cp313-cp313t-musllinux_1_2_aarch64.whl", hash = "sha256:66cb9422236317f9d44b67b4d18f44efe6e9c7f8794ac0462978513359461554", size = 17079064, upload-time = "2026-01-31T23:11:52.927Z" },
    { url = "https://files.pythonhosted.org/packages/2a/d5/cbade46ce97c59c6c3da525e8d95b7abe8a42974a1dc5c1d489c10433e88/numpy-2.4.2-cp313-cp313t-musllinux_1_2_x86_64.whl", hash = "sha256:0f01dcf33e73d80bd8dc0f20a71303abbafa26a19e23f6b68d1aa9990af90257", size = 18379680, upload-time = "2026-01-31T23:11:55.22Z" },
    { url = "https://files.pythonhosted.org/packages/40/62/48f99ae172a4b63d981babe683685030e8a3df4f246c893ea5c6ef99f018/numpy-2.4.2-cp313-cp313t-win32.whl", hash = "sha256:52b913ec40ff7ae845687b0b34d8d93b60cb66dcee06996dd5c99f2fc9328657", size = 6082433, upload-time = "2026-01-31T23:11:58.096Z" },
    { url = "https://files.pythonhosted.org/packages/07/38/e054a61cfe48ad9f1ed0d188e78b7e26859d0b60ef21cd9de4897cdb5326/numpy-2.4.2-cp313-cp313t-win_amd64.whl", hash = "sha256:5eea80d908b2c1f91486eb95b3fb6fab187e569ec9752ab7d9333d2e66bf2d6b", size = 12451181, upload-time = "2026-01-31T23:11:59.782Z" },
    { url = "https://files.pythonhosted.org/packages/6e/a4/a05c3a6418575e185dd84d0b9680b6bb2e2dc3e4202f036b7b4e22d6e9dc/numpy-2.4.2-cp313-cp313t-win_arm64.whl", hash = "sha256:fd49860271d52127d61197bb50b64f58454e9f578cb4b2c001a6de8b1f50b0b1", size = 10290756, upload-time = "2026-01-31T23:12:02.438Z" },
    { url = "https://files.pythonhosted.org/packages/18/88/b7df6050bf18fdcfb7046286c6535cabbdd2064a3440fca3f069d319c16e/numpy-2.4.2-cp314-cp314-macosx_10_15_x86_64.whl", hash = "sha256:444be170853f1f9d528428eceb55f12918e4fda5d8805480f36a002f1415e09b", size = 16663092, upload-time = "2026-01-31T23:12:04.521Z" },
    { url = "https://files.pythonhosted.org/packages/25/7a/1fee4329abc705a469a4afe6e69b1ef7e915117747886327104a8493a955/numpy-2.4.2-cp314-cp314-macosx_11_0_arm64.whl", hash = "sha256:d1240d50adff70c2a88217698ca844723068533f3f5c5fa6ee2e3220e3bdb000", size = 14698770, upload-time = "2026-01-31T23:12:06.96Z" },
    { url = "https://files.pythonhosted.org/packages/fb/0b/f9e49ba6c923678ad5bc38181c08ac5e53b7a5754dbca8e581aa1a56b1ff/numpy-2.4.2-cp314-cp314-macosx_14_0_arm64.whl", hash = "sha256:7cdde6de52fb6664b00b056341265441192d1291c130e99183ec0d4b110ff8b1", size = 5208562, upload-time = "2026-01-31T23:12:09.632Z" },
    { url = "https://files.pythonhosted.org/packages/7d/12/d7de8f6f53f9bb76997e5e4c069eda2051e3fe134e9181671c4391677bb2/numpy-2.4.2-cp314-cp314-macosx_14_0_x86_64.whl", hash = "sha256:cda077c2e5b780200b6b3e09d0b42205a3d1c68f30c6dceb90401c13bff8fe74", size = 6543710, upload-time = "2026-01-31T23:12:11.969Z" },
    { url = "https://files.pythonhosted.org/packages/09/63/c66418c2e0268a31a4cf8a8b512685748200f8e8e8ec6c507ce14e773529/numpy-2.4.2-cp314-cp314-manylinux_2_27_aarch64.manylinux_2_28_aarch64.whl", hash = "sha256:d30291931c915b2ab5717c2974bb95ee891a1cf22ebc16a8006bd59cd210d40a", size = 15677205, upload-time = "2026-01-31T23:12:14.33Z" },
    { url = "https://files.pythonhosted.org/packages/5d/6c/7f237821c9642fb2a04d2f1e88b4295677144ca93285fd76eff3bcba858d/numpy-2.4.2-cp314-cp314-manylinux_2_27_x86_64.manylinux_2_28_x86_64.whl", hash = "sha256:bba37bc29d4d85761deed3954a1bc62be7cf462b9510b51d367b769a8c8df325", size = 16611738, upload-time = "2026-01-31T23:12:16.525Z" },
    { url = "https://files.pythonhosted.org/packages/c2/a7/39c4cdda9f019b609b5c473899d87abff092fc908cfe4d1ecb2fcff453b0/numpy-2.4.2-cp314-cp314-musllinux_1_2_aarch64.whl", hash = "sha256:b2f0073ed0868db1dcd86e052d37279eef185b9c8db5bf61f30f46adac63c909", size = 17028888, upload-time = "2026-01-31T23:12:19.306Z" },
    { url = "https://files.pythonhosted.org/packages/da/b3/e84bb64bdfea967cc10950d71090ec2d84b49bc691df0025dddb7c26e8e3/numpy-2.4.2-cp314-cp314-musllinux_1_2_x86_64.whl", hash = "sha256:7f54844851cdb630ceb623dcec4db3240d1ac13d4990532446761baede94996a", size = 18339556, upload-time = "2026-01-31T23:12:21.816Z" },
    { url = "https://files.pythonhosted.org/packages/88/f5/954a291bc1192a27081706862ac62bb5920fbecfbaa302f64682aa90beed/numpy-2.4.2-cp314-cp314-win32.whl", hash = "sha256:12e26134a0331d8dbd9351620f037ec470b7c75929cb8a1537f6bfe411152a1a", size = 6006899, upload-time = "2026-01-31T23:12:24.14Z" },
    { url = "https://files.pythonhosted.org/packages/05/cb/eff72a91b2efdd1bc98b3b8759f6a1654aa87612fc86e3d87d6fe4f948c4/numpy-2.4.2-cp314-cp314-win_amd64.whl", hash = "sha256:068cdb2d0d644cdb45670810894f6a0600797a69c05f1ac478e8d31670b8ee75", size = 12443072, upload-time = "2026-01-31T23:12:26.33Z" },
    { url = "https://files.pythonhosted.org/packages/37/75/62726948db36a56428fce4ba80a115716dc4fad6a3a4352487f8bb950966/numpy-2.4.2-cp314-cp314-win_arm64.whl", hash = "sha256:6ed0be1ee58eef41231a5c943d7d1375f093142702d5723ca2eb07db9b934b05", size = 10494886, upload-time = "2026-01-31T23:12:28.488Z" },
    { url = "https://files.pythonhosted.org/packages/36/2f/ee93744f1e0661dc267e4b21940870cabfae187c092e1433b77b09b50ac4/numpy-2.4.2-cp314-cp314t-macosx_11_0_arm64.whl", hash = "sha256:98f16a80e917003a12c0580f97b5f875853ebc33e2eaa4bccfc8201ac6869308", size = 14818567, upload-time = "2026-01-31T23:12:30.709Z" },
    { url = "https://files.pythonhosted.org/packages/a7/24/6535212add7d76ff938d8bdc654f53f88d35cddedf807a599e180dcb8e66/numpy-2.4.2-cp314-cp314t-macosx_14_0_arm64.whl", hash = "sha256:20abd069b9cda45874498b245c8015b18ace6de8546bf50dfa8cea1696ed06ef", size = 5328372, upload-time = "2026-01-31T23:12:32.962Z" },
    { url = "https://files.pythonhosted.org/packages/5e/9d/c48f0a035725f925634bf6b8994253b43f2047f6778a54147d7e213bc5a7/numpy-2.4.2-cp314-cp314t-macosx_14_0_x86_64.whl", hash = "sha256:e98c97502435b53741540a5717a6749ac2ada901056c7db951d33e11c885cc7d", size = 6649306, upload-time = "2026-01-31T23:12:34.797Z" },
    { url = "https://files.pythonhosted.org/packages/81/05/7c73a9574cd4a53a25907bad38b59ac83919c0ddc8234ec157f344d57d9a/numpy-2.4.2-cp314-cp314t-manylinux_2_27_aarch64.manylinux_2_28_aarch64.whl", hash = "sha256:da6cad4e82cb893db4b69105c604d805e0c3ce11501a55b5e9f9083b47d2ffe8", size = 15722394, upload-time = "2026-01-31T23:12:36.565Z" },
    { url = "https://files.pythonhosted.org/packages/35/fa/4de10089f21fc7d18442c4a767ab156b25c2a6eaf187c0db6d9ecdaeb43f/numpy-2.4.2-cp314-cp314t-manylinux_2_27_x86_64.manylinux_2_28_x86_64.whl", hash = "sha256:9e4424677ce4b47fe73c8b5556d876571f7c6945d264201180db2dc34f676ab5", size = 16653343, upload-time = "2026-01-31T23:12:39.188Z" },
    { url = "https://files.pythonhosted.org/packages/b8/f9/d33e4ffc857f3763a57aa85650f2e82486832d7492280ac21ba9efda80da/numpy-2.4.2-cp314-cp314t-musllinux_1_2_aarch64.whl", hash = "sha256:2b8f157c8a6f20eb657e240f8985cc135598b2b46985c5bccbde7616dc9c6b1e", size = 17078045, upload-time = "2026-01-31T23:12:42.041Z" },
    { url = "https://files.pythonhosted.org/packages/c8/b8/54bdb43b6225badbea6389fa038c4ef868c44f5890f95dd530a218706da3/numpy-2.4.2-cp314-cp314t-musllinux_1_2_x86_64.whl", hash = "sha256:5daf6f3914a733336dab21a05cdec343144600e964d2fcdabaac0c0269874b2a", size = 18380024, upload-time = "2026-01-31T23:12:44.331Z" },
    { url = "https://files.pythonhosted.org/packages/a5/55/6e1a61ded7af8df04016d81b5b02daa59f2ea9252ee0397cb9f631efe9e5/numpy-2.4.2-cp314-cp314t-win32.whl", hash = "sha256:8c50dd1fc8826f5b26a5ee4d77ca55d88a895f4e4819c7ecc2a9f5905047a443", size = 6153937, upload-time = "2026-01-31T23:12:47.229Z" },
    { url = "https://files.pythonhosted.org/packages/45/aa/fa6118d1ed6d776b0983f3ceac9b1a5558e80df9365b1c3aa6d42bf9eee4/numpy-2.4.2-cp314-cp314t-win_amd64.whl", hash = "sha256:fcf92bee92742edd401ba41135185866f7026c502617f422eb432cfeca4fe236", size = 12631844, upload-time = "2026-01-31T23:12:48.997Z" },
    { url = "https://files.pythonhosted.org/packages/32/0a/2ec5deea6dcd158f254a7b372fb09cfba5719419c8d66343bab35237b3fb/numpy-2.4.2-cp314-cp314t-win_arm64.whl", hash = "sha256:1f92f53998a17265194018d1cc321b2e96e900ca52d54c7c77837b71b9465181", size = 10565379, upload-time = "2026-01-31T23:12:51.345Z" },
]

[[package]]
name = "rustypot"
version = "1.4.2"
source = { registry = "https://pypi.org/simple" }
sdist = { url = "https://files.pythonhosted.org/packages/1a/0c/35edc5f7801122b52a14211fa16d36bbcc763cfecfc4688c1692ef090d6c/rustypot-1.4.2.tar.gz", hash = "sha256:12b4128431b13818d0c38e9db54294ca62b583cc70d82b0c16dff399cc43a17b", size = 59390, upload-time = "2026-01-07T09:41:59.098Z" }
wheels = [
    { url = "https://files.pythonhosted.org/packages/e0/45/57872fb09cfb48a1662762625d44c1d5d9a7b98d7d9741f2fd4e5188250b/rustypot-1.4.2-cp312-cp312-macosx_10_12_x86_64.whl", hash = "sha256:cc71c0cd50f719321a42ddb14ca60662a3853370c0e4899b5bb4b04ba3bd1d84", size = 1666768, upload-time = "2026-01-07T09:41:36.062Z" },
    { url = "https://files.pythonhosted.org/packages/99/d8/e91cfb6fde9b37fb9884e0ed0b6becc9b2d98293e8c3255579999a8cc734/rustypot-1.4.2-cp312-cp312-macosx_11_0_arm64.whl", hash = "sha256:fbd72500f9834fa1304c00d82df4c85477bd239415d79f737672acb6aef2baff", size = 1512017, upload-time = "2026-01-07T09:41:29.686Z" },
    { url = "https://files.pythonhosted.org/packages/ec/6b/bfa2e5a16d7b9977c6cf65acf50eb2beb90199df8ef70abb6766d41b7d2b/rustypot-1.4.2-cp312-cp312-manylinux_2_24_aarch64.whl", hash = "sha256:ae4a379886ce710bf052c45ab06cffcd30302654c8d706e135c5fa22220bd1af", size = 1636908, upload-time = "2026-01-07T09:41:08.661Z" },
    { url = "https://files.pythonhosted.org/packages/fa/4f/51f2a89390a750ccf66234ce5fe56f97756aa22a2da24f1413aa7baf826f/rustypot-1.4.2-cp312-cp312-manylinux_2_24_armv7l.whl", hash = "sha256:43b11428e522adf2c64329f8480fd1e8fc786b05a4b395c6fc87b6be4199dc14", size = 1659767, upload-time = "2026-01-07T09:41:13.889Z" },
    { url = "https://files.pythonhosted.org/packages/b2/7f/6ed8e9a7db96637bc10f3c9f0addcc0ba28925c70208c5782cbc3dc1166a/rustypot-1.4.2-cp312-cp312-manylinux_2_24_i686.whl", hash = "sha256:04a500c3cf946debf12c836f50b14b4f52a19c935b0b436834e7436f2d3a28b5", size = 1691761, upload-time = "2026-01-07T09:41:19.463Z" },
    { url = "https://files.pythonhosted.org/packages/69/7d/5cd09ada4c979035348188efdb454df14ea032e4ebaa8745d579a56b0cf6/rustypot-1.4.2-cp312-cp312-manylinux_2_24_x86_64.whl", hash = "sha256:a40f2431fecd92684490f304c15a940c27b022c18b246a0fd62cfbdeb40a8d84", size = 1723816, upload-time = "2026-01-07T09:41:25.224Z" },
    { url = "https://files.pythonhosted.org/packages/c9/2e/7d7ee1467597e7ac14ed90213844f7d01c271084a98958907e7ec1da268c/rustypot-1.4.2-cp312-cp312-musllinux_1_2_aarch64.whl", hash = "sha256:a4d5e107be97e051315a0a6a77ac14006d684dcfe05faa80d3e0862330473096", size = 1824045, upload-time = "2026-01-07T09:41:42.187Z" },
    { url = "https://files.pythonhosted.org/packages/05/35/0330993c8e8742859018ce44b0b856c344d4e1fe67dc0f3c05beb1676fe5/rustypot-1.4.2-cp312-cp312-musllinux_1_2_armv7l.whl", hash = "sha256:6a99cb53a3c4db14bffb3d3273aec03a46acd4e1eff83fced19c3949e15331f5", size = 1931122, upload-time = "2026-01-07T09:41:46.877Z" },
    { url = "https://files.pythonhosted.org/packages/a7/8d/92752d8502b319b65bdc3794689306327dc71f9a767d7f3c4e19daa3172d/rustypot-1.4.2-cp312-cp312-musllinux_1_2_i686.whl", hash = "sha256:3e5e90c1e50e1cc2c47a4c9329063d33c599f158e519638c53054d71c1a64c37", size = 1853302, upload-time = "2026-01-07T09:41:51.932Z" },
    { url = "https://files.pythonhosted.org/packages/a1/0e/d9fee1730c7e1bd892406fd28ccf268f2981af94931cac6727651a8c00c2/rustypot-1.4.2-cp312-cp312-musllinux_1_2_x86_64.whl", hash = "sha256:ba33c766e1b933fdf293e1b20a6000704230bcfc8b00079887bc55735c186c96", size = 1952690, upload-time = "2026-01-07T09:41:56.592Z" },
    { url = "https://files.pythonhosted.org/packages/11/cb/60e4be7b67dd8e0adfe73d0d30c11977ca1a2639ce0b852d880852cae4bc/rustypot-1.4.2-cp312-cp312-win_amd64.whl", hash = "sha256:d5310a6394cfcb47ff9759484783aba33fe5f2684948d5308d207f78ee999bb9", size = 1658232, upload-time = "2026-01-07T09:42:03.339Z" },
    { url = "https://files.pythonhosted.org/packages/c5/73/df9162cdc6002738d185cdb4a7461c259fba1b5c33b8c807a21f37a7460d/rustypot-1.4.2-cp313-cp313-macosx_10_12_x86_64.whl", hash = "sha256:c499227be1aaf40fea508c9ea7d67f771c0809784460cf586ca2b30e8aeccfb4", size = 1665893, upload-time = "2026-01-07T09:41:37.055Z" },
    { url = "https://files.pythonhosted.org/packages/1c/af/57d4c73ee6d7c9328b1290addd98b8f77583c1e906c61f5929c7ed433b67/rustypot-1.4.2-cp313-cp313-macosx_11_0_arm64.whl", hash = "sha256:529a1e8a313bf581e7152351ec4d20e906cde82471935e2f8103da7c698a47f0", size = 1512566, upload-time = "2026-01-07T09:41:30.8Z" },
    { url = "https://files.pythonhosted.org/packages/98/5c/15f5da535414fd7434146bdbc155c00e471f1ad037907a7f6a01d56c4134/rustypot-1.4.2-cp313-cp313-manylinux_2_24_aarch64.whl", hash = "sha256:5694befe8dae0115ec763528a6294f7e05f7934932a9a655da6c5787d6ec295b", size = 1637339, upload-time = "2026-01-07T09:41:10.051Z" },
    { url = "https://files.pythonhosted.org/packages/df/41/b9e16e65cc4b4ce5122c1f4a44e948726b51d7f3ecaa9f801c2f870a47c8/rustypot-1.4.2-cp313-cp313-manylinux_2_24_armv7l.whl", hash = "sha256:be164d8cb14881076371fef705ac09a358425684a79d7cbab5c695d6daaf1095", size = 1660412, upload-time = "2026-01-07T09:41:15.654Z" },
    { url = "https://files.pythonhosted.org/packages/a5/d7/078c4f5c5f5a901d30a9b08847e7b71c57211c2466cd65514e029a392a13/rustypot-1.4.2-cp313-cp313-manylinux_2_24_i686.whl", hash = "sha256:a0b0065069f87c5f57553bc6bcf938ea4b8023d619428982de0988a464caff68", size = 1690070, upload-time = "2026-01-07T09:41:20.593Z" },
    { url = "https://files.pythonhosted.org/packages/81/7e/3938ac984d4bc30bd4d5e6c49d26a345fa3d40450f55f0d9674592d1e5b9/rustypot-1.4.2-cp313-cp313-manylinux_2_24_x86_64.whl", hash = "sha256:362a612265b25cc522f6de7bcdcac39b801bef9fb3027d37443bcaf7fbd0a5d2", size = 1724544, upload-time = "2026-01-07T09:41:26.552Z" },
    { url = "https://files.pythonhosted.org/packages/8d/c9/d955acbadb39f7aa85c3f09015dfa12174246ab84b515b44593eb29b7642/rustypot-1.4.2-cp313-cp313-musllinux_1_2_aarch64.whl", hash = "sha256:91bd2d3922a959c2232e5163d93f4135643bbf235bdd5b85447fb15f5fc19256", size = 1824098, upload-time = "2026-01-07T09:41:43.369Z" },
    { url = "https://files.pythonhosted.org/packages/01/2b/0e8296db54f632d460964423b2521b996ab43e10b49f80dca31833d795a4/rustypot-1.4.2-cp313-cp313-musllinux_1_2_armv7l.whl", hash = "sha256:f8c0f03afcaaacdf9c49d59190f440117b4a4fa217bc2a09e532aa2ca2fa250d", size = 1931591, upload-time = "2026-01-07T09:41:48.262Z" },
    { url = "https://files.pythonhosted.org/packages/63/79/ec11f7b79381a7155c9eaea9a1a8c6e8874eb5431f3ca46e5db83cd5785e/rustypot-1.4.2-cp313-cp313-musllinux_1_2_i686.whl", hash = "sha256:4cc816be52129005c2df9e84f109fe69f9b7a10269d097bdecfb968bbcf9e87d", size = 1852196, upload-time = "2026-01-07T09:41:53.13Z" },
    { url = "https://files.pythonhosted.org/packages/e9/79/bc533cccabc719ee0215d82efd80dde251b7712f5a849476db44a502350f/rustypot-1.4.2-cp313-cp313-musllinux_1_2_x86_64.whl", hash = "sha256:bd2cf6d8e0c381fc446e3a2f8c6733a26bad3b0d50c521a1a1775000a252bc26", size = 1953656, upload-time = "2026-01-07T09:41:57.697Z" },
    { url = "https://files.pythonhosted.org/packages/62/9d/4a0bfb3659c31dd15805b695dc4b6121e7d7aeb9430c422deb9f86080996/rustypot-1.4.2-cp313-cp313-win_amd64.whl", hash = "sha256:5f22012d2927849c7241840acf7af98c2175ca1bb3db8b3df2ed6c7bccb7cef1", size = 1657884, upload-time = "2026-01-07T09:42:04.368Z" },
    { url = "https://files.pythonhosted.org/packages/f2/55/21e8a105adecc75f6f13451f0da0a5893ee4de15c1d23cd548dcb0f88deb/rustypot-1.4.2-cp314-cp314-macosx_10_12_x86_64.whl", hash = "sha256:c375144c1dc2953d4b68f24bd7d514bb05b144dbf42bcb4dd32e8a319bf0ccb1", size = 1673443, upload-time = "2026-01-07T09:41:38.397Z" },
    { url = "https://files.pythonhosted.org/packages/8a/40/4230bf8a6efe883a1af7b906b0dbc57f3ec26f46f099864ab325f7e76f2d/rustypot-1.4.2-cp314-cp314-macosx_11_0_arm64.whl", hash = "sha256:c2fdfa10fc6d4c79a6046c59f57c73acb243c1f7b585b6958508fbfc7c91ddd1", size = 1516926, upload-time = "2026-01-07T09:41:32.004Z" },
    { url = "https://files.pythonhosted.org/packages/ce/01/4173169acdcff7fe6a0e1562c05cc79ccd4d23434ac38c3250cb26ce8c29/rustypot-1.4.2-cp314-cp314-win32.whl", hash = "sha256:86fa1d2cca5ee2a2e59f99659461763b4073279dd17773f0980bfe4d25f06e44", size = 1225916, upload-time = "2026-01-07T09:42:06.573Z" },
    { url = "https://files.pythonhosted.org/packages/a6/1e/012e69788615bbb4e68df63bbd2b31d430d6b614873789fbb7827c58c975/rustypot-1.4.2-cp314-cp314-win_amd64.whl", hash = "sha256:e359f119554a04017f1be5f4f0c7ecdcdc724c963f00d0e84239014659d34d3f", size = 1670091, upload-time = "2026-01-07T09:42:05.427Z" },
]
